{
  "name": "aws-lambda-router-wn",
  "version": "0.9.1",
  "lockfileVersion": 1,
  "requires": true,
  "dependencies": {
    "@types/aws-lambda": {
      "version": "8.10.13",
      "resolved": "https://registry.npmjs.org/@types/aws-lambda/-/aws-lambda-8.10.13.tgz",
      "integrity": "sha512-a1sC60Bqll4N2RYnd4+XuynrVd8LO+uZrgwCVaAER0ldMQ00LRM4iTjU2ulPoQF6P5bHZK5hL/6IF9088VJhUA==",
      "dev": true
    }
  }
}
